// !$*UTF8*$!
{
	archiveVersion = 1;
	classes = {
	};
	objectVersion = 50;
	objects = {

/* Begin PBXBuildFile section */
		A3EC4AFC2341953B004AAD52 /* AppDelegate.swift in Sources */ = {isa = PBXBuildFile; fileRef = A3EC4AFB2341953B004AAD52 /* AppDelegate.swift */; };
		A3EC4B032341953B004AAD52 /* Main.storyboard in Resources */ = {isa = PBXBuildFile; fileRef = A3EC4B012341953B004AAD52 /* Main.storyboard */; };
		A3EC4B052341953C004AAD52 /* Assets.xcassets in Resources */ = {isa = PBXBuildFile; fileRef = A3EC4B042341953C004AAD52 /* Assets.xcassets */; };
		A3EC4B082341953C004AAD52 /* LaunchScreen.storyboard in Resources */ = {isa = PBXBuildFile; fileRef = A3EC4B062341953C004AAD52 /* LaunchScreen.storyboard */; };
		A3EC4B1023419DF6004AAD52 /* LandingVideoViewController.swift in Sources */ = {isa = PBXBuildFile; fileRef = A3EC4B0F23419DF6004AAD52 /* LandingVideoViewController.swift */; };
		A3EC4B1323419E1D004AAD52 /* CameraViewController.swift in Sources */ = {isa = PBXBuildFile; fileRef = A3EC4B1223419E1D004AAD52 /* CameraViewController.swift */; };
		A3EC4B1523419E2E004AAD52 /* CameraPreviewView.swift in Sources */ = {isa = PBXBuildFile; fileRef = A3EC4B1423419E2E004AAD52 /* CameraPreviewView.swift */; };
		A3EC4B1A2341A6DD004AAD52 /* MapViewDisplayViewController.swift in Sources */ = {isa = PBXBuildFile; fileRef = A3EC4B192341A6DD004AAD52 /* MapViewDisplayViewController.swift */; };
		A3EC4B1C2341B392004AAD52 /* ImageAndRecordViewController.swift in Sources */ = {isa = PBXBuildFile; fileRef = A3EC4B1B2341B392004AAD52 /* ImageAndRecordViewController.swift */; };
		A3EC4B1F2341B4E3004AAD52 /* Image+Scaling.swift in Sources */ = {isa = PBXBuildFile; fileRef = A3EC4B1E2341B4E3004AAD52 /* Image+Scaling.swift */; };
		A3EC4B232342DEC2004AAD52 /* SceneDelegate.swift in Sources */ = {isa = PBXBuildFile; fileRef = A3EC4B222342DEC2004AAD52 /* SceneDelegate.swift */; };
		A3EC4B252342DF7A004AAD52 /* Experience.swift in Sources */ = {isa = PBXBuildFile; fileRef = A3EC4B242342DF7A004AAD52 /* Experience.swift */; };
		A3EC4B282342E199004AAD52 /* LocationHelper.swift in Sources */ = {isa = PBXBuildFile; fileRef = A3EC4B272342E199004AAD52 /* LocationHelper.swift */; };
		A3EC4B2A2342E204004AAD52 /* ExperienceController.swift in Sources */ = {isa = PBXBuildFile; fileRef = A3EC4B292342E204004AAD52 /* ExperienceController.swift */; };
/* End PBXBuildFile section */

/* Begin PBXFileReference section */
		A3EC4AF82341953B004AAD52 /* Experiences Screen Recording.app */ = {isa = PBXFileReference; explicitFileType = wrapper.application; includeInIndex = 0; path = "Experiences Screen Recording.app"; sourceTree = BUILT_PRODUCTS_DIR; };
		A3EC4AFB2341953B004AAD52 /* AppDelegate.swift */ = {isa = PBXFileReference; lastKnownFileType = sourcecode.swift; path = AppDelegate.swift; sourceTree = "<group>"; };
		A3EC4B022341953B004AAD52 /* Base */ = {isa = PBXFileReference; lastKnownFileType = file.storyboard; name = Base; path = Base.lproj/Main.storyboard; sourceTree = "<group>"; };
		A3EC4B042341953C004AAD52 /* Assets.xcassets */ = {isa = PBXFileReference; lastKnownFileType = folder.assetcatalog; path = Assets.xcassets; sourceTree = "<group>"; };
		A3EC4B072341953C004AAD52 /* Base */ = {isa = PBXFileReference; lastKnownFileType = file.storyboard; name = Base; path = Base.lproj/LaunchScreen.storyboard; sourceTree = "<group>"; };
		A3EC4B092341953C004AAD52 /* Info.plist */ = {isa = PBXFileReference; lastKnownFileType = text.plist.xml; path = Info.plist; sourceTree = "<group>"; };
		A3EC4B0F23419DF6004AAD52 /* LandingVideoViewController.swift */ = {isa = PBXFileReference; lastKnownFileType = sourcecode.swift; path = LandingVideoViewController.swift; sourceTree = "<group>"; };
		A3EC4B1223419E1D004AAD52 /* CameraViewController.swift */ = {isa = PBXFileReference; lastKnownFileType = sourcecode.swift; path = CameraViewController.swift; sourceTree = "<group>"; };
		A3EC4B1423419E2E004AAD52 /* CameraPreviewView.swift */ = {isa = PBXFileReference; lastKnownFileType = sourcecode.swift; path = CameraPreviewView.swift; sourceTree = "<group>"; };
		A3EC4B192341A6DD004AAD52 /* MapViewDisplayViewController.swift */ = {isa = PBXFileReference; lastKnownFileType = sourcecode.swift; path = MapViewDisplayViewController.swift; sourceTree = "<group>"; };
		A3EC4B1B2341B392004AAD52 /* ImageAndRecordViewController.swift */ = {isa = PBXFileReference; lastKnownFileType = sourcecode.swift; path = ImageAndRecordViewController.swift; sourceTree = "<group>"; };
		A3EC4B1E2341B4E3004AAD52 /* Image+Scaling.swift */ = {isa = PBXFileReference; lastKnownFileType = sourcecode.swift; path = "Image+Scaling.swift"; sourceTree = "<group>"; };
		A3EC4B222342DEC2004AAD52 /* SceneDelegate.swift */ = {isa = PBXFileReference; fileEncoding = 4; lastKnownFileType = sourcecode.swift; name = SceneDelegate.swift; path = ../../../../../.Trash/SceneDelegate.swift; sourceTree = "<group>"; };
		A3EC4B242342DF7A004AAD52 /* Experience.swift */ = {isa = PBXFileReference; lastKnownFileType = sourcecode.swift; path = Experience.swift; sourceTree = "<group>"; };
		A3EC4B272342E199004AAD52 /* LocationHelper.swift */ = {isa = PBXFileReference; lastKnownFileType = sourcecode.swift; path = LocationHelper.swift; sourceTree = "<group>"; };
		A3EC4B292342E204004AAD52 /* ExperienceController.swift */ = {isa = PBXFileReference; lastKnownFileType = sourcecode.swift; path = ExperienceController.swift; sourceTree = "<group>"; };
/* End PBXFileReference section */

/* Begin PBXFrameworksBuildPhase section */
		A3EC4AF52341953B004AAD52 /* Frameworks */ = {
			isa = PBXFrameworksBuildPhase;
			buildActionMask = 2147483647;
			files = (
			);
			runOnlyForDeploymentPostprocessing = 0;
		};
/* End PBXFrameworksBuildPhase section */

/* Begin PBXGroup section */
		A3EC4AEF2341953B004AAD52 = {
			isa = PBXGroup;
			children = (
				A3EC4AFA2341953B004AAD52 /* Experiences Screen Recording */,
				A3EC4AF92341953B004AAD52 /* Products */,
			);
			sourceTree = "<group>";
		};
		A3EC4AF92341953B004AAD52 /* Products */ = {
			isa = PBXGroup;
			children = (
				A3EC4AF82341953B004AAD52 /* Experiences Screen Recording.app */,
			);
			name = Products;
			sourceTree = "<group>";
		};
		A3EC4AFA2341953B004AAD52 /* Experiences Screen Recording */ = {
			isa = PBXGroup;
			children = (
				A3EC4B262342DF84004AAD52 /* Model */,
				A3EC4B1D2341B397004AAD52 /* Image and Audio */,
				A3EC4B182341A3CA004AAD52 /* Maps */,
				A3EC4B1123419DFB004AAD52 /* Movie */,
				A3EC4AFB2341953B004AAD52 /* AppDelegate.swift */,
				A3EC4B012341953B004AAD52 /* Main.storyboard */,
				A3EC4B042341953C004AAD52 /* Assets.xcassets */,
				A3EC4B062341953C004AAD52 /* LaunchScreen.storyboard */,
				A3EC4B092341953C004AAD52 /* Info.plist */,
				A3EC4B222342DEC2004AAD52 /* SceneDelegate.swift */,
			);
			path = "Experiences Screen Recording";
			sourceTree = "<group>";
		};
		A3EC4B1123419DFB004AAD52 /* Movie */ = {
			isa = PBXGroup;
			children = (
				A3EC4B0F23419DF6004AAD52 /* LandingVideoViewController.swift */,
				A3EC4B1223419E1D004AAD52 /* CameraViewController.swift */,
				A3EC4B1423419E2E004AAD52 /* CameraPreviewView.swift */,
			);
			path = Movie;
			sourceTree = "<group>";
		};
		A3EC4B182341A3CA004AAD52 /* Maps */ = {
			isa = PBXGroup;
			children = (
				A3EC4B192341A6DD004AAD52 /* MapViewDisplayViewController.swift */,
			);
			path = Maps;
			sourceTree = "<group>";
		};
		A3EC4B1D2341B397004AAD52 /* Image and Audio */ = {
			isa = PBXGroup;
			children = (
				A3EC4B1B2341B392004AAD52 /* ImageAndRecordViewController.swift */,
				A3EC4B1E2341B4E3004AAD52 /* Image+Scaling.swift */,
			);
			path = "Image and Audio";
			sourceTree = "<group>";
		};
		A3EC4B262342DF84004AAD52 /* Model */ = {
			isa = PBXGroup;
			children = (
				A3EC4B242342DF7A004AAD52 /* Experience.swift */,
				A3EC4B272342E199004AAD52 /* LocationHelper.swift */,
				A3EC4B292342E204004AAD52 /* ExperienceController.swift */,
			);
			path = Model;
			sourceTree = "<group>";
		};
/* End PBXGroup section */

/* Begin PBXNativeTarget section */
		A3EC4AF72341953B004AAD52 /* Experiences Screen Recording */ = {
			isa = PBXNativeTarget;
			buildConfigurationList = A3EC4B0C2341953C004AAD52 /* Build configuration list for PBXNativeTarget "Experiences Screen Recording" */;
			buildPhases = (
				A3EC4AF42341953B004AAD52 /* Sources */,
				A3EC4AF52341953B004AAD52 /* Frameworks */,
				A3EC4AF62341953B004AAD52 /* Resources */,
			);
			buildRules = (
			);
			dependencies = (
			);
			name = "Experiences Screen Recording";
			productName = "Experiences Screen Recording";
			productReference = A3EC4AF82341953B004AAD52 /* Experiences Screen Recording.app */;
			productType = "com.apple.product-type.application";
		};
/* End PBXNativeTarget section */

/* Begin PBXProject section */
		A3EC4AF02341953B004AAD52 /* Project object */ = {
			isa = PBXProject;
			attributes = {
				LastSwiftUpdateCheck = 1100;
				LastUpgradeCheck = 1100;
				ORGANIZATIONNAME = "Stephanie Bowles";
				TargetAttributes = {
					A3EC4AF72341953B004AAD52 = {
						CreatedOnToolsVersion = 11.0;
					};
				};
			};
			buildConfigurationList = A3EC4AF32341953B004AAD52 /* Build configuration list for PBXProject "Experiences Screen Recording" */;
			compatibilityVersion = "Xcode 9.3";
			developmentRegion = en;
			hasScannedForEncodings = 0;
			knownRegions = (
				en,
				Base,
			);
			mainGroup = A3EC4AEF2341953B004AAD52;
			productRefGroup = A3EC4AF92341953B004AAD52 /* Products */;
			projectDirPath = "";
			projectRoot = "";
			targets = (
				A3EC4AF72341953B004AAD52 /* Experiences Screen Recording */,
			);
		};
/* End PBXProject section */

/* Begin PBXResourcesBuildPhase section */
		A3EC4AF62341953B004AAD52 /* Resources */ = {
			isa = PBXResourcesBuildPhase;
			buildActionMask = 2147483647;
			files = (
				A3EC4B082341953C004AAD52 /* LaunchScreen.storyboard in Resources */,
				A3EC4B052341953C004AAD52 /* Assets.xcassets in Resources */,
				A3EC4B032341953B004AAD52 /* Main.storyboard in Resources */,
			);
			runOnlyForDeploymentPostprocessing = 0;
		};
/* End PBXResourcesBuildPhase section */

/* Begin PBXSourcesBuildPhase section */
		A3EC4AF42341953B004AAD52 /* Sources */ = {
			isa = PBXSourcesBuildPhase;
			buildActionMask = 2147483647;
			files = (
				A3EC4AFC2341953B004AAD52 /* AppDelegate.swift in Sources */,
				A3EC4B1A2341A6DD004AAD52 /* MapViewDisplayViewController.swift in Sources */,
				A3EC4B232342DEC2004AAD52 /* SceneDelegate.swift in Sources */,
				A3EC4B252342DF7A004AAD52 /* Experience.swift in Sources */,
				A3EC4B282342E199004AAD52 /* LocationHelper.swift in Sources */,
				A3EC4B1323419E1D004AAD52 /* CameraViewController.swift in Sources */,
				A3EC4B1523419E2E004AAD52 /* CameraPreviewView.swift in Sources */,
				A3EC4B1F2341B4E3004AAD52 /* Image+Scaling.swift in Sources */,
				A3EC4B1C2341B392004AAD52 /* ImageAndRecordViewController.swift in Sources */,
				A3EC4B2A2342E204004AAD52 /* ExperienceController.swift in Sources */,
				A3EC4B1023419DF6004AAD52 /* LandingVideoViewController.swift in Sources */,
			);
			runOnlyForDeploymentPostprocessing = 0;
		};
/* End PBXSourcesBuildPhase section */

/* Begin PBXVariantGroup section */
		A3EC4B012341953B004AAD52 /* Main.storyboard */ = {
			isa = PBXVariantGroup;
			children = (
				A3EC4B022341953B004AAD52 /* Base */,
			);
			name = Main.storyboard;
			sourceTree = "<group>";
		};
		A3EC4B062341953C004AAD52 /* LaunchScreen.storyboard */ = {
			isa = PBXVariantGroup;
			children = (
				A3EC4B072341953C004AAD52 /* Base */,
			);
			name = LaunchScreen.storyboard;
			sourceTree = "<group>";
		};
/* End PBXVariantGroup section */

/* Begin XCBuildConfiguration section */
		A3EC4B0A2341953C004AAD52 /* Debug */ = {
			isa = XCBuildConfiguration;
			buildSettings = {
				ALWAYS_SEARCH_USER_PATHS = NO;
				CLANG_ANALYZER_NONNULL = YES;
				CLANG_ANALYZER_NUMBER_OBJECT_CONVERSION = YES_AGGRESSIVE;
				CLANG_CXX_LANGUAGE_STANDARD = "gnu++14";
				CLANG_CXX_LIBRARY = "libc++";
				CLANG_ENABLE_MODULES = YES;
				CLANG_ENABLE_OBJC_ARC = YES;
				CLANG_ENABLE_OBJC_WEAK = YES;
				CLANG_WARN_BLOCK_CAPTURE_AUTORELEASING = YES;
				CLANG_WARN_BOOL_CONVERSION = YES;
				CLANG_WARN_COMMA = YES;
				CLANG_WARN_CONSTANT_CONVERSION = YES;
				CLANG_WARN_DEPRECATED_OBJC_IMPLEMENTATIONS = YES;
				CLANG_WARN_DIRECT_OBJC_ISA_USAGE = YES_ERROR;
				CLANG_WARN_DOCUMENTATION_COMMENTS = YES;
				CLANG_WARN_EMPTY_BODY = YES;
				CLANG_WARN_ENUM_CONVERSION = YES;
				CLANG_WARN_INFINITE_RECURSION = YES;
				CLANG_WARN_INT_CONVERSION = YES;
				CLANG_WARN_NON_LITERAL_NULL_CONVERSION = YES;
				CLANG_WARN_OBJC_IMPLICIT_RETAIN_SELF = YES;
				CLANG_WARN_OBJC_LITERAL_CONVERSION = YES;
				CLANG_WARN_OBJC_ROOT_CLASS = YES_ERROR;
				CLANG_WARN_RANGE_LOOP_ANALYSIS = YES;
				CLANG_WARN_STRICT_PROTOTYPES = YES;
				CLANG_WARN_SUSPICIOUS_MOVE = YES;
				CLANG_WARN_UNGUARDED_AVAILABILITY = YES_AGGRESSIVE;
				CLANG_WARN_UNREACHABLE_CODE = YES;
				CLANG_WARN__DUPLICATE_METHOD_MATCH = YES;
				COPY_PHASE_STRIP = NO;
				DEBUG_INFORMATION_FORMAT = dwarf;
				ENABLE_STRICT_OBJC_MSGSEND = YES;
				ENABLE_TESTABILITY = YES;
				GCC_C_LANGUAGE_STANDARD = gnu11;
				GCC_DYNAMIC_NO_PIC = NO;
				GCC_NO_COMMON_BLOCKS = YES;
				GCC_OPTIMIZATION_LEVEL = 0;
				GCC_PREPROCESSOR_DEFINITIONS = (
					"DEBUG=1",
					"$(inherited)",
				);
				GCC_WARN_64_TO_32_BIT_CONVERSION = YES;
				GCC_WARN_ABOUT_RETURN_TYPE = YES_ERROR;
				GCC_WARN_UNDECLARED_SELECTOR = YES;
				GCC_WARN_UNINITIALIZED_AUTOS = YES_AGGRESSIVE;
				GCC_WARN_UNUSED_FUNCTION = YES;
				GCC_WARN_UNUSED_VARIABLE = YES;
				IPHONEOS_DEPLOYMENT_TARGET = 13.0;
				MTL_ENABLE_DEBUG_INFO = INCLUDE_SOURCE;
				MTL_FAST_MATH = YES;
				ONLY_ACTIVE_ARCH = YES;
				SDKROOT = iphoneos;
				SWIFT_ACTIVE_COMPILATION_CONDITIONS = DEBUG;
				SWIFT_OPTIMIZATION_LEVEL = "-Onone";
			};
			name = Debug;
		};
		A3EC4B0B2341953C004AAD52 /* Release */ = {
			isa = XCBuildConfiguration;
			buildSettings = {
				ALWAYS_SEARCH_USER_PATHS = NO;
				CLANG_ANALYZER_NONNULL = YES;
				CLANG_ANALYZER_NUMBER_OBJECT_CONVERSION = YES_AGGRESSIVE;
				CLANG_CXX_LANGUAGE_STANDARD = "gnu++14";
				CLANG_CXX_LIBRARY = "libc++";
				CLANG_ENABLE_MODULES = YES;
				CLANG_ENABLE_OBJC_ARC = YES;
				CLANG_ENABLE_OBJC_WEAK = YES;
				CLANG_WARN_BLOCK_CAPTURE_AUTORELEASING = YES;
				CLANG_WARN_BOOL_CONVERSION = YES;
				CLANG_WARN_COMMA = YES;
				CLANG_WARN_CONSTANT_CONVERSION = YES;
				CLANG_WARN_DEPRECATED_OBJC_IMPLEMENTATIONS = YES;
				CLANG_WARN_DIRECT_OBJC_ISA_USAGE = YES_ERROR;
				CLANG_WARN_DOCUMENTATION_COMMENTS = YES;
				CLANG_WARN_EMPTY_BODY = YES;
				CLANG_WARN_ENUM_CONVERSION = YES;
				CLANG_WARN_INFINITE_RECURSION = YES;
				CLANG_WARN_INT_CONVERSION = YES;
				CLANG_WARN_NON_LITERAL_NULL_CONVERSION = YES;
				CLANG_WARN_OBJC_IMPLICIT_RETAIN_SELF = YES;
				CLANG_WARN_OBJC_LITERAL_CONVERSION = YES;
				CLANG_WARN_OBJC_ROOT_CLASS = YES_ERROR;
				CLANG_WARN_RANGE_LOOP_ANALYSIS = YES;
				CLANG_WARN_STRICT_PROTOTYPES = YES;
				CLANG_WARN_SUSPICIOUS_MOVE = YES;
				CLANG_WARN_UNGUARDED_AVAILABILITY = YES_AGGRESSIVE;
				CLANG_WARN_UNREACHABLE_CODE = YES;
				CLANG_WARN__DUPLICATE_METHOD_MATCH = YES;
				COPY_PHASE_STRIP = NO;
				DEBUG_INFORMATION_FORMAT = "dwarf-with-dsym";
				ENABLE_NS_ASSERTIONS = NO;
				ENABLE_STRICT_OBJC_MSGSEND = YES;
				GCC_C_LANGUAGE_STANDARD = gnu11;
				GCC_NO_COMMON_BLOCKS = YES;
				GCC_WARN_64_TO_32_BIT_CONVERSION = YES;
				GCC_WARN_ABOUT_RETURN_TYPE = YES_ERROR;
				GCC_WARN_UNDECLARED_SELECTOR = YES;
				GCC_WARN_UNINITIALIZED_AUTOS = YES_AGGRESSIVE;
				GCC_WARN_UNUSED_FUNCTION = YES;
				GCC_WARN_UNUSED_VARIABLE = YES;
				IPHONEOS_DEPLOYMENT_TARGET = 13.0;
				MTL_ENABLE_DEBUG_INFO = NO;
				MTL_FAST_MATH = YES;
				SDKROOT = iphoneos;
				SWIFT_COMPILATION_MODE = wholemodule;
				SWIFT_OPTIMIZATION_LEVEL = "-O";
				VALIDATE_PRODUCT = YES;
			};
			name = Release;
		};
		A3EC4B0D2341953C004AAD52 /* Debug */ = {
			isa = XCBuildConfiguration;
			buildSettings = {
				ASSETCATALOG_COMPILER_APPICON_NAME = AppIcon;
				CODE_SIGN_STYLE = Automatic;
				DEVELOPMENT_TEAM = P6F637GFXF;
				INFOPLIST_FILE = "Experiences Screen Recording/Info.plist";
				IPHONEOS_DEPLOYMENT_TARGET = 13.0;
				LD_RUNPATH_SEARCH_PATHS = (
					"$(inherited)",
					"@executable_path/Frameworks",
				);
				PRODUCT_BUNDLE_IDENTIFIER = "demo.Experiences-Screen-Recording";
				PRODUCT_NAME = "$(TARGET_NAME)";
				SWIFT_VERSION = 5.0;
				TARGETED_DEVICE_FAMILY = 1;
			};
			name = Debug;
		};
		A3EC4B0E2341953C004AAD52 /* Release */ = {
			isa = XCBuildConfiguration;
			buildSettings = {
				ASSETCATALOG_COMPILER_APPICON_NAME = AppIcon;
				CODE_SIGN_STYLE = Automatic;
				DEVELOPMENT_TEAM = P6F637GFXF;
				INFOPLIST_FILE = "Experiences Screen Recording/Info.plist";
				IPHONEOS_DEPLOYMENT_TARGET = 13.0;
				LD_RUNPATH_SEARCH_PATHS = (
					"$(inherited)",
					"@executable_path/Frameworks",
				);
				PRODUCT_BUNDLE_IDENTIFIER = "demo.Experiences-Screen-Recording";
				PRODUCT_NAME = "$(TARGET_NAME)";
				SWIFT_VERSION = 5.0;
				TARGETED_DEVICE_FAMILY = 1;
			};
			name = Release;
		};
/* End XCBuildConfiguration section */

/* Begin XCConfigurationList section */
		A3EC4AF32341953B004AAD52 /* Build configuration list for PBXProject "Experiences Screen Recording" */ = {
			isa = XCConfigurationList;
			buildConfigurations = (
				A3EC4B0A2341953C004AAD52 /* Debug */,
				A3EC4B0B2341953C004AAD52 /* Release */,
			);
			defaultConfigurationIsVisible = 0;
			defaultConfigurationName = Release;
		};
		A3EC4B0C2341953C004AAD52 /* Build configuration list for PBXNativeTarget "Experiences Screen Recording" */ = {
			isa = XCConfigurationList;
			buildConfigurations = (
				A3EC4B0D2341953C004AAD52 /* Debug */,
				A3EC4B0E2341953C004AAD52 /* Release */,
			);
			defaultConfigurationIsVisible = 0;
			defaultConfigurationName = Release;
		};
/* End XCConfigurationList section */
	};
	rootObject = A3EC4AF02341953B004AAD52 /* Project object */;
}
